PODS:
  - Alamofire (5.8.1)
  - MarkdownKit (1.7.1)
  - SwiftyMarkdown (1.2.4)

DEPENDENCIES:
  - Alamofire (~> 5.0)
  - MarkdownKit (~> 1.7.0)
  - SwiftyMarkdown (~> 1.0)

SPEC REPOS:
  trunk:
    - Alamofire
    - MarkdownKit
    - SwiftyMarkdown

SPEC CHECKSUMS:
  Alamofire: 3ca42e259043ee0dc5c0cdd76c4bc568b8e42af7
  MarkdownKit: 0b15195c63cf3e39387949c4bdeccde0055e252a
  SwiftyMarkdown: 7cdec87c6ab5cd9ea0e22ced288e889960649ba5

PODFILE CHECKSUM: 873135d06684ffe4776455c59cd398eec214db4d

COCOAPODS: 1.14.2
